// !$*UTF8*$!
{
	archiveVersion = 1;
	classes = {
	};
	objectVersion = 45;
	objects = {

/* Begin PBXBuildFile section */
		1DDD58160DA1D0A300B32029 /* MainMenu.xib in Resources */ = {isa = PBXBuildFile; fileRef = 1DDD58140DA1D0A300B32029 /* MainMenu.xib */; };
		8D11072B0486CEB800E47090 /* InfoPlist.strings in Resources */ = {isa = PBXBuildFile; fileRef = 089C165CFE840E0CC02AAC07 /* InfoPlist.strings */; };
		8D11072D0486CEB800E47090 /* main.m in Sources */ = {isa = PBXBuildFile; fileRef = 29B97316FDCFA39411CA2CEA /* main.m */; settings = {ATTRIBUTES = (); }; };
		8D11072F0486CEB800E47090 /* Cocoa.framework in Frameworks */ = {isa = PBXBuildFile; fileRef = 1058C7A1FEA54F0111CA2CBB /* Cocoa.framework */; };
		D43E2C550F5C46DB002C282A /* ZBNSColorViewController.xib in Resources */ = {isa = PBXBuildFile; fileRef = D43E2C540F5C46DB002C282A /* ZBNSColorViewController.xib */; };
		D43E2CA00F5C4C8C002C282A /* ZBUIColorViewController.xib in Resources */ = {isa = PBXBuildFile; fileRef = D43E2C9F0F5C4C8C002C282A /* ZBUIColorViewController.xib */; };
		D43E2CAC0F5C4CE9002C282A /* ZBCGColorViewController.xib in Resources */ = {isa = PBXBuildFile; fileRef = D43E2CAB0F5C4CE9002C282A /* ZBCGColorViewController.xib */; };
		D43E2CBF0F5C4D8C002C282A /* ZBGLColorViewController.xib in Resources */ = {isa = PBXBuildFile; fileRef = D43E2CBE0F5C4D8C002C282A /* ZBGLColorViewController.xib */; };
		D449EA300F62101F003683D8 /* ZBCGColorViewController.m in Sources */ = {isa = PBXBuildFile; fileRef = D449EA210F62101F003683D8 /* ZBCGColorViewController.m */; };
		D449EA310F62101F003683D8 /* ZBGLColorViewController.m in Sources */ = {isa = PBXBuildFile; fileRef = D449EA230F62101F003683D8 /* ZBGLColorViewController.m */; };
		D449EA320F62101F003683D8 /* ZBMainWindowController.m in Sources */ = {isa = PBXBuildFile; fileRef = D449EA250F62101F003683D8 /* ZBMainWindowController.m */; };
		D449EA330F62101F003683D8 /* ZBNSColorViewController.m in Sources */ = {isa = PBXBuildFile; fileRef = D449EA270F62101F003683D8 /* ZBNSColorViewController.m */; };
		D449EA340F62101F003683D8 /* ZBSourceCodeTextField.m in Sources */ = {isa = PBXBuildFile; fileRef = D449EA290F62101F003683D8 /* ZBSourceCodeTextField.m */; };
		D449EA350F62101F003683D8 /* ZBSourceCodeView.m in Sources */ = {isa = PBXBuildFile; fileRef = D449EA2B0F62101F003683D8 /* ZBSourceCodeView.m */; };
		D449EA360F62101F003683D8 /* ZBUIColorViewController.m in Sources */ = {isa = PBXBuildFile; fileRef = D449EA2D0F62101F003683D8 /* ZBUIColorViewController.m */; };
		D449EA370F62101F003683D8 /* ZBViewController.m in Sources */ = {isa = PBXBuildFile; fileRef = D449EA2F0F62101F003683D8 /* ZBViewController.m */; };
		D449EA880F629398003683D8 /* Bunt.icns in Resources */ = {isa = PBXBuildFile; fileRef = D449EA870F629398003683D8 /* Bunt.icns */; };
		D449EA980F6294B7003683D8 /* Bunt32.png in Resources */ = {isa = PBXBuildFile; fileRef = D449EA960F6294B7003683D8 /* Bunt32.png */; };
		D449EA990F6294B7003683D8 /* Bunt32w.png in Resources */ = {isa = PBXBuildFile; fileRef = D449EA970F6294B7003683D8 /* Bunt32w.png */; };
		D473BF511017DA52008D5AC1 /* Localizable.strings in Resources */ = {isa = PBXBuildFile; fileRef = D473BF4F1017DA52008D5AC1 /* Localizable.strings */; };
		D4FFBC370F5C832F00B34E9C /* NSColorItem.png in Resources */ = {isa = PBXBuildFile; fileRef = D4FFBC350F5C832F00B34E9C /* NSColorItem.png */; };
		D4FFBC380F5C832F00B34E9C /* UIColorItem.png in Resources */ = {isa = PBXBuildFile; fileRef = D4FFBC360F5C832F00B34E9C /* UIColorItem.png */; };
		D4FFBC520F5C84AE00B34E9C /* GLColorItem.png in Resources */ = {isa = PBXBuildFile; fileRef = D4FFBC510F5C84AE00B34E9C /* GLColorItem.png */; };
		D4FFBC640F5C867B00B34E9C /* CGColorItem.png in Resources */ = {isa = PBXBuildFile; fileRef = D4FFBC630F5C867B00B34E9C /* CGColorItem.png */; };
/* End PBXBuildFile section */

/* Begin PBXFileReference section */
		089C165DFE840E0CC02AAC07 /* English */ = {isa = PBXFileReference; fileEncoding = 10; lastKnownFileType = text.plist.strings; name = English; path = English.lproj/InfoPlist.strings; sourceTree = "<group>"; };
		1058C7A1FEA54F0111CA2CBB /* Cocoa.framework */ = {isa = PBXFileReference; lastKnownFileType = wrapper.framework; name = Cocoa.framework; path = /System/Library/Frameworks/Cocoa.framework; sourceTree = "<absolute>"; };
		13E42FB307B3F0F600E4EEF1 /* CoreData.framework */ = {isa = PBXFileReference; lastKnownFileType = wrapper.framework; name = CoreData.framework; path = /System/Library/Frameworks/CoreData.framework; sourceTree = "<absolute>"; };
		1DDD58150DA1D0A300B32029 /* English */ = {isa = PBXFileReference; lastKnownFileType = file.xib; name = English; path = English.lproj/MainMenu.xib; sourceTree = "<group>"; };
		29B97316FDCFA39411CA2CEA /* main.m */ = {isa = PBXFileReference; fileEncoding = 4; lastKnownFileType = sourcecode.c.objc; path = main.m; sourceTree = "<group>"; };
		29B97324FDCFA39411CA2CEA /* AppKit.framework */ = {isa = PBXFileReference; lastKnownFileType = wrapper.framework; name = AppKit.framework; path = /System/Library/Frameworks/AppKit.framework; sourceTree = "<absolute>"; };
		29B97325FDCFA39411CA2CEA /* Foundation.framework */ = {isa = PBXFileReference; lastKnownFileType = wrapper.framework; name = Foundation.framework; path = /System/Library/Frameworks/Foundation.framework; sourceTree = "<absolute>"; };
		32CA4F630368D1EE00C91783 /* Bunt_Prefix.pch */ = {isa = PBXFileReference; fileEncoding = 4; lastKnownFileType = sourcecode.c.h; path = Bunt_Prefix.pch; sourceTree = "<group>"; };
		8D1107310486CEB800E47090 /* Info.plist */ = {isa = PBXFileReference; fileEncoding = 4; lastKnownFileType = text.plist.xml; path = Info.plist; sourceTree = "<group>"; };
		8D1107320486CEB800E47090 /* Bunt.app */ = {isa = PBXFileReference; explicitFileType = wrapper.application; includeInIndex = 0; path = Bunt.app; sourceTree = BUILT_PRODUCTS_DIR; };
		D43E2C520F5C46D6002C282A /* English */ = {isa = PBXFileReference; lastKnownFileType = file.xib; name = English; path = English.lproj/ZBNSColorViewController.xib; sourceTree = "<group>"; };
		D43E2C9D0F5C4C88002C282A /* English */ = {isa = PBXFileReference; lastKnownFileType = file.xib; name = English; path = English.lproj/ZBUIColorViewController.xib; sourceTree = "<group>"; };
		D43E2CA90F5C4CE5002C282A /* English */ = {isa = PBXFileReference; lastKnownFileType = file.xib; name = English; path = English.lproj/ZBCGColorViewController.xib; sourceTree = "<group>"; };
		D43E2CBC0F5C4D88002C282A /* English */ = {isa = PBXFileReference; lastKnownFileType = file.xib; name = English; path = English.lproj/ZBGLColorViewController.xib; sourceTree = "<group>"; };
		D449EA200F62101F003683D8 /* ZBCGColorViewController.h */ = {isa = PBXFileReference; fileEncoding = 4; lastKnownFileType = sourcecode.c.h; name = ZBCGColorViewController.h; path = Classes/ZBCGColorViewController.h; sourceTree = "<group>"; };
		D449EA210F62101F003683D8 /* ZBCGColorViewController.m */ = {isa = PBXFileReference; fileEncoding = 4; lastKnownFileType = sourcecode.c.objc; name = ZBCGColorViewController.m; path = Classes/ZBCGColorViewController.m; sourceTree = "<group>"; };
		D449EA220F62101F003683D8 /* ZBGLColorViewController.h */ = {isa = PBXFileReference; fileEncoding = 4; lastKnownFileType = sourcecode.c.h; name = ZBGLColorViewController.h; path = Classes/ZBGLColorViewController.h; sourceTree = "<group>"; };
		D449EA230F62101F003683D8 /* ZBGLColorViewController.m */ = {isa = PBXFileReference; fileEncoding = 4; lastKnownFileType = sourcecode.c.objc; name = ZBGLColorViewController.m; path = Classes/ZBGLColorViewController.m; sourceTree = "<group>"; };
		D449EA240F62101F003683D8 /* ZBMainWindowController.h */ = {isa = PBXFileReference; fileEncoding = 4; lastKnownFileType = sourcecode.c.h; name = ZBMainWindowController.h; path = Classes/ZBMainWindowController.h; sourceTree = "<group>"; };
		D449EA250F62101F003683D8 /* ZBMainWindowController.m */ = {isa = PBXFileReference; fileEncoding = 4; lastKnownFileType = sourcecode.c.objc; name = ZBMainWindowController.m; path = Classes/ZBMainWindowController.m; sourceTree = "<group>"; };
		D449EA260F62101F003683D8 /* ZBNSColorViewController.h */ = {isa = PBXFileReference; fileEncoding = 4; lastKnownFileType = sourcecode.c.h; name = ZBNSColorViewController.h; path = Classes/ZBNSColorViewController.h; sourceTree = "<group>"; };
		D449EA270F62101F003683D8 /* ZBNSColorViewController.m */ = {isa = PBXFileReference; fileEncoding = 4; lastKnownFileType = sourcecode.c.objc; name = ZBNSColorViewController.m; path = Classes/ZBNSColorViewController.m; sourceTree = "<group>"; };
		D449EA280F62101F003683D8 /* ZBSourceCodeTextField.h */ = {isa = PBXFileReference; fileEncoding = 4; lastKnownFileType = sourcecode.c.h; name = ZBSourceCodeTextField.h; path = Classes/ZBSourceCodeTextField.h; sourceTree = "<group>"; };
		D449EA290F62101F003683D8 /* ZBSourceCodeTextField.m */ = {isa = PBXFileReference; fileEncoding = 4; lastKnownFileType = sourcecode.c.objc; name = ZBSourceCodeTextField.m; path = Classes/ZBSourceCodeTextField.m; sourceTree = "<group>"; };
		D449EA2A0F62101F003683D8 /* ZBSourceCodeView.h */ = {isa = PBXFileReference; fileEncoding = 4; lastKnownFileType = sourcecode.c.h; name = ZBSourceCodeView.h; path = Classes/ZBSourceCodeView.h; sourceTree = "<group>"; };
		D449EA2B0F62101F003683D8 /* ZBSourceCodeView.m */ = {isa = PBXFileReference; fileEncoding = 4; lastKnownFileType = sourcecode.c.objc; name = ZBSourceCodeView.m; path = Classes/ZBSourceCodeView.m; sourceTree = "<group>"; };
		D449EA2C0F62101F003683D8 /* ZBUIColorViewController.h */ = {isa = PBXFileReference; fileEncoding = 4; lastKnownFileType = sourcecode.c.h; name = ZBUIColorViewController.h; path = Classes/ZBUIColorViewController.h; sourceTree = "<group>"; };
		D449EA2D0F62101F003683D8 /* ZBUIColorViewController.m */ = {isa = PBXFileReference; fileEncoding = 4; lastKnownFileType = sourcecode.c.objc; name = ZBUIColorViewController.m; path = Classes/ZBUIColorViewController.m; sourceTree = "<group>"; };
		D449EA2E0F62101F003683D8 /* ZBViewController.h */ = {isa = PBXFileReference; fileEncoding = 4; lastKnownFileType = sourcecode.c.h; name = ZBViewController.h; path = Classes/ZBViewController.h; sourceTree = "<group>"; };
		D449EA2F0F62101F003683D8 /* ZBViewController.m */ = {isa = PBXFileReference; fileEncoding = 4; lastKnownFileType = sourcecode.c.objc; name = ZBViewController.m; path = Classes/ZBViewController.m; sourceTree = "<group>"; };
		D449EA870F629398003683D8 /* Bunt.icns */ = {isa = PBXFileReference; lastKnownFileType = image.icns; name = Bunt.icns; path = Images/Bunt.icns; sourceTree = "<group>"; };
		D449EA960F6294B7003683D8 /* Bunt32.png */ = {isa = PBXFileReference; lastKnownFileType = image.png; name = Bunt32.png; path = Images/Bunt32.png; sourceTree = "<group>"; };
		D449EA970F6294B7003683D8 /* Bunt32w.png */ = {isa = PBXFileReference; lastKnownFileType = image.png; name = Bunt32w.png; path = Images/Bunt32w.png; sourceTree = "<group>"; };
		D46EC90D101BF45F003D31E3 /* zh_CN */ = {isa = PBXFileReference; lastKnownFileType = text.plist.strings; name = zh_CN; path = zh_CN.lproj/Localizable.strings; sourceTree = "<group>"; };
		D46EC914101BF48E003D31E3 /* zh_CN */ = {isa = PBXFileReference; lastKnownFileType = text.plist.strings; name = zh_CN; path = zh_CN.lproj/InfoPlist.strings; sourceTree = "<group>"; };
		D46EC919101BF4A1003D31E3 /* zh_CN */ = {isa = PBXFileReference; lastKnownFileType = file.xib; name = zh_CN; path = zh_CN.lproj/MainMenu.xib; sourceTree = "<group>"; };
		D46EC91B101BF4F5003D31E3 /* zh_CN */ = {isa = PBXFileReference; lastKnownFileType = file.xib; name = zh_CN; path = zh_CN.lproj/ZBNSColorViewController.xib; sourceTree = "<group>"; };
		D46EC91E101BF51B003D31E3 /* zh_CN */ = {isa = PBXFileReference; lastKnownFileType = file.xib; name = zh_CN; path = zh_CN.lproj/ZBUIColorViewController.xib; sourceTree = "<group>"; };
		D46EC920101BF544003D31E3 /* zh_CN */ = {isa = PBXFileReference; lastKnownFileType = file.xib; name = zh_CN; path = zh_CN.lproj/ZBCGColorViewController.xib; sourceTree = "<group>"; };
		D46EC922101BF553003D31E3 /* zh_CN */ = {isa = PBXFileReference; lastKnownFileType = file.xib; name = zh_CN; path = zh_CN.lproj/ZBGLColorViewController.xib; sourceTree = "<group>"; };
		D473BF501017DA52008D5AC1 /* English */ = {isa = PBXFileReference; fileEncoding = 4; lastKnownFileType = text.plist.strings; name = English; path = English.lproj/Localizable.strings; sourceTree = "<group>"; };
		D473BF631017DAB7008D5AC1 /* zh_TW */ = {isa = PBXFileReference; lastKnownFileType = file.xib; name = zh_TW; path = zh_TW.lproj/MainMenu.xib; sourceTree = "<group>"; };
		D473BF661017DAEC008D5AC1 /* zh_TW */ = {isa = PBXFileReference; lastKnownFileType = text.plist.strings; name = zh_TW; path = zh_TW.lproj/Localizable.strings; sourceTree = "<group>"; };
		D473BF691017DB26008D5AC1 /* zh_TW */ = {isa = PBXFileReference; lastKnownFileType = file.xib; name = zh_TW; path = zh_TW.lproj/ZBNSColorViewController.xib; sourceTree = "<group>"; };
		D473BF6C1017DB53008D5AC1 /* zh_TW */ = {isa = PBXFileReference; lastKnownFileType = file.xib; name = zh_TW; path = zh_TW.lproj/ZBUIColorViewController.xib; sourceTree = "<group>"; };
		D473BF6F1017DBA8008D5AC1 /* zh_TW */ = {isa = PBXFileReference; lastKnownFileType = file.xib; name = zh_TW; path = zh_TW.lproj/ZBCGColorViewController.xib; sourceTree = "<group>"; };
		D473BF701017DBAE008D5AC1 /* zh_TW */ = {isa = PBXFileReference; lastKnownFileType = file.xib; name = zh_TW; path = zh_TW.lproj/ZBGLColorViewController.xib; sourceTree = "<group>"; };
		D473BF721017DBC2008D5AC1 /* zh_TW */ = {isa = PBXFileReference; lastKnownFileType = text.plist.strings; name = zh_TW; path = zh_TW.lproj/InfoPlist.strings; sourceTree = "<group>"; };
		D4FFBC350F5C832F00B34E9C /* NSColorItem.png */ = {isa = PBXFileReference; lastKnownFileType = image.png; name = NSColorItem.png; path = Images/NSColorItem.png; sourceTree = "<group>"; };
		D4FFBC360F5C832F00B34E9C /* UIColorItem.png */ = {isa = PBXFileReference; lastKnownFileType = image.png; name = UIColorItem.png; path = Images/UIColorItem.png; sourceTree = "<group>"; };
		D4FFBC510F5C84AE00B34E9C /* GLColorItem.png */ = {isa = PBXFileReference; lastKnownFileType = image.png; name = GLColorItem.png; path = Images/GLColorItem.png; sourceTree = "<group>"; };
		D4FFBC630F5C867B00B34E9C /* CGColorItem.png */ = {isa = PBXFileReference; lastKnownFileType = image.png; name = CGColorItem.png; path = Images/CGColorItem.png; sourceTree = "<group>"; };
/* End PBXFileReference section */

/* Begin PBXFrameworksBuildPhase section */
		8D11072E0486CEB800E47090 /* Frameworks */ = {
			isa = PBXFrameworksBuildPhase;
			buildActionMask = 2147483647;
			files = (
				8D11072F0486CEB800E47090 /* Cocoa.framework in Frameworks */,
			);
			runOnlyForDeploymentPostprocessing = 0;
		};
/* End PBXFrameworksBuildPhase section */

/* Begin PBXGroup section */
		080E96DDFE201D6D7F000001 /* Classes */ = {
			isa = PBXGroup;
			children = (
				D449EA240F62101F003683D8 /* ZBMainWindowController.h */,
				D449EA250F62101F003683D8 /* ZBMainWindowController.m */,
				D449EA280F62101F003683D8 /* ZBSourceCodeTextField.h */,
				D449EA290F62101F003683D8 /* ZBSourceCodeTextField.m */,
				D449EA2A0F62101F003683D8 /* ZBSourceCodeView.h */,
				D449EA2B0F62101F003683D8 /* ZBSourceCodeView.m */,
				D449EA2E0F62101F003683D8 /* ZBViewController.h */,
				D449EA2F0F62101F003683D8 /* ZBViewController.m */,
				D449EA260F62101F003683D8 /* ZBNSColorViewController.h */,
				D449EA270F62101F003683D8 /* ZBNSColorViewController.m */,
				D449EA2C0F62101F003683D8 /* ZBUIColorViewController.h */,
				D449EA2D0F62101F003683D8 /* ZBUIColorViewController.m */,
				D449EA200F62101F003683D8 /* ZBCGColorViewController.h */,
				D449EA210F62101F003683D8 /* ZBCGColorViewController.m */,
				D449EA220F62101F003683D8 /* ZBGLColorViewController.h */,
				D449EA230F62101F003683D8 /* ZBGLColorViewController.m */,
			);
			name = Classes;
			sourceTree = "<group>";
		};
		1058C7A0FEA54F0111CA2CBB /* Linked Frameworks */ = {
			isa = PBXGroup;
			children = (
				1058C7A1FEA54F0111CA2CBB /* Cocoa.framework */,
			);
			name = "Linked Frameworks";
			sourceTree = "<group>";
		};
		1058C7A2FEA54F0111CA2CBB /* Other Frameworks */ = {
			isa = PBXGroup;
			children = (
				29B97324FDCFA39411CA2CEA /* AppKit.framework */,
				13E42FB307B3F0F600E4EEF1 /* CoreData.framework */,
				29B97325FDCFA39411CA2CEA /* Foundation.framework */,
			);
			name = "Other Frameworks";
			sourceTree = "<group>";
		};
		19C28FACFE9D520D11CA2CBB /* Products */ = {
			isa = PBXGroup;
			children = (
				8D1107320486CEB800E47090 /* Bunt.app */,
			);
			name = Products;
			sourceTree = "<group>";
		};
		29B97314FDCFA39411CA2CEA /* Bunt */ = {
			isa = PBXGroup;
			children = (
				080E96DDFE201D6D7F000001 /* Classes */,
				29B97315FDCFA39411CA2CEA /* Other Sources */,
				29B97317FDCFA39411CA2CEA /* Resources */,
				29B97323FDCFA39411CA2CEA /* Frameworks */,
				19C28FACFE9D520D11CA2CBB /* Products */,
			);
			name = Bunt;
			sourceTree = "<group>";
		};
		29B97315FDCFA39411CA2CEA /* Other Sources */ = {
			isa = PBXGroup;
			children = (
				32CA4F630368D1EE00C91783 /* Bunt_Prefix.pch */,
				29B97316FDCFA39411CA2CEA /* main.m */,
			);
			name = "Other Sources";
			sourceTree = "<group>";
		};
		29B97317FDCFA39411CA2CEA /* Resources */ = {
			isa = PBXGroup;
			children = (
				D4FFBC320F5C832700B34E9C /* Images */,
				8D1107310486CEB800E47090 /* Info.plist */,
				D473BF4F1017DA52008D5AC1 /* Localizable.strings */,
				089C165CFE840E0CC02AAC07 /* InfoPlist.strings */,
				1DDD58140DA1D0A300B32029 /* MainMenu.xib */,
				D43E2C540F5C46DB002C282A /* ZBNSColorViewController.xib */,
				D43E2C9F0F5C4C8C002C282A /* ZBUIColorViewController.xib */,
				D43E2CAB0F5C4CE9002C282A /* ZBCGColorViewController.xib */,
				D43E2CBE0F5C4D8C002C282A /* ZBGLColorViewController.xib */,
			);
			name = Resources;
			sourceTree = "<group>";
		};
		29B97323FDCFA39411CA2CEA /* Frameworks */ = {
			isa = PBXGroup;
			children = (
				1058C7A0FEA54F0111CA2CBB /* Linked Frameworks */,
				1058C7A2FEA54F0111CA2CBB /* Other Frameworks */,
			);
			name = Frameworks;
			sourceTree = "<group>";
		};
		D4FFBC320F5C832700B34E9C /* Images */ = {
			isa = PBXGroup;
			children = (
				D449EA960F6294B7003683D8 /* Bunt32.png */,
				D449EA970F6294B7003683D8 /* Bunt32w.png */,
				D449EA870F629398003683D8 /* Bunt.icns */,
				D4FFBC350F5C832F00B34E9C /* NSColorItem.png */,
				D4FFBC360F5C832F00B34E9C /* UIColorItem.png */,
				D4FFBC630F5C867B00B34E9C /* CGColorItem.png */,
				D4FFBC510F5C84AE00B34E9C /* GLColorItem.png */,
			);
			name = Images;
			sourceTree = "<group>";
		};
/* End PBXGroup section */

/* Begin PBXNativeTarget section */
		8D1107260486CEB800E47090 /* Bunt */ = {
			isa = PBXNativeTarget;
			buildConfigurationList = C01FCF4A08A954540054247B /* Build configuration list for PBXNativeTarget "Bunt" */;
			buildPhases = (
				8D1107290486CEB800E47090 /* Resources */,
				8D11072C0486CEB800E47090 /* Sources */,
				8D11072E0486CEB800E47090 /* Frameworks */,
			);
			buildRules = (
			);
			dependencies = (
			);
			name = Bunt;
			productInstallPath = "$(HOME)/Applications";
			productName = Bunt;
			productReference = 8D1107320486CEB800E47090 /* Bunt.app */;
			productType = "com.apple.product-type.application";
		};
/* End PBXNativeTarget section */

/* Begin PBXProject section */
		29B97313FDCFA39411CA2CEA /* Project object */ = {
			isa = PBXProject;
			attributes = {
			};
			buildConfigurationList = C01FCF4E08A954540054247B /* Build configuration list for PBXProject "Bunt" */;
			compatibilityVersion = "Xcode 3.1";
			developmentRegion = English;
			hasScannedForEncodings = 1;
			knownRegions = (
				English,
				Japanese,
				French,
				German,
				zh_TW,
				zh_CN,
			);
			mainGroup = 29B97314FDCFA39411CA2CEA /* Bunt */;
			projectDirPath = "";
			projectRoot = "";
			targets = (
				8D1107260486CEB800E47090 /* Bunt */,
			);
		};
/* End PBXProject section */

/* Begin PBXResourcesBuildPhase section */
		8D1107290486CEB800E47090 /* Resources */ = {
			isa = PBXResourcesBuildPhase;
			buildActionMask = 2147483647;
			files = (
				8D11072B0486CEB800E47090 /* InfoPlist.strings in Resources */,
				1DDD58160DA1D0A300B32029 /* MainMenu.xib in Resources */,
				D43E2C550F5C46DB002C282A /* ZBNSColorViewController.xib in Resources */,
				D43E2CA00F5C4C8C002C282A /* ZBUIColorViewController.xib in Resources */,
				D43E2CAC0F5C4CE9002C282A /* ZBCGColorViewController.xib in Resources */,
				D43E2CBF0F5C4D8C002C282A /* ZBGLColorViewController.xib in Resources */,
				D4FFBC370F5C832F00B34E9C /* NSColorItem.png in Resources */,
				D4FFBC380F5C832F00B34E9C /* UIColorItem.png in Resources */,
				D4FFBC520F5C84AE00B34E9C /* GLColorItem.png in Resources */,
				D4FFBC640F5C867B00B34E9C /* CGColorItem.png in Resources */,
				D449EA880F629398003683D8 /* Bunt.icns in Resources */,
				D449EA980F6294B7003683D8 /* Bunt32.png in Resources */,
				D449EA990F6294B7003683D8 /* Bunt32w.png in Resources */,
				D473BF511017DA52008D5AC1 /* Localizable.strings in Resources */,
			);
			runOnlyForDeploymentPostprocessing = 0;
		};
/* End PBXResourcesBuildPhase section */

/* Begin PBXSourcesBuildPhase section */
		8D11072C0486CEB800E47090 /* Sources */ = {
			isa = PBXSourcesBuildPhase;
			buildActionMask = 2147483647;
			files = (
				8D11072D0486CEB800E47090 /* main.m in Sources */,
				D449EA300F62101F003683D8 /* ZBCGColorViewController.m in Sources */,
				D449EA310F62101F003683D8 /* ZBGLColorViewController.m in Sources */,
				D449EA320F62101F003683D8 /* ZBMainWindowController.m in Sources */,
				D449EA330F62101F003683D8 /* ZBNSColorViewController.m in Sources */,
				D449EA340F62101F003683D8 /* ZBSourceCodeTextField.m in Sources */,
				D449EA350F62101F003683D8 /* ZBSourceCodeView.m in Sources */,
				D449EA360F62101F003683D8 /* ZBUIColorViewController.m in Sources */,
				D449EA370F62101F003683D8 /* ZBViewController.m in Sources */,
			);
			runOnlyForDeploymentPostprocessing = 0;
		};
/* End PBXSourcesBuildPhase section */

/* Begin PBXVariantGroup section */
		089C165CFE840E0CC02AAC07 /* InfoPlist.strings */ = {
			isa = PBXVariantGroup;
			children = (
				089C165DFE840E0CC02AAC07 /* English */,
				D473BF721017DBC2008D5AC1 /* zh_TW */,
				D46EC914101BF48E003D31E3 /* zh_CN */,
			);
			name = InfoPlist.strings;
			sourceTree = "<group>";
		};
		1DDD58140DA1D0A300B32029 /* MainMenu.xib */ = {
			isa = PBXVariantGroup;
			children = (
				1DDD58150DA1D0A300B32029 /* English */,
				D473BF631017DAB7008D5AC1 /* zh_TW */,
				D46EC919101BF4A1003D31E3 /* zh_CN */,
			);
			name = MainMenu.xib;
			sourceTree = "<group>";
		};
		D43E2C540F5C46DB002C282A /* ZBNSColorViewController.xib */ = {
			isa = PBXVariantGroup;
			children = (
				D43E2C520F5C46D6002C282A /* English */,
				D473BF691017DB26008D5AC1 /* zh_TW */,
				D46EC91B101BF4F5003D31E3 /* zh_CN */,
			);
			name = ZBNSColorViewController.xib;
			sourceTree = "<group>";
		};
		D43E2C9F0F5C4C8C002C282A /* ZBUIColorViewController.xib */ = {
			isa = PBXVariantGroup;
			children = (
				D43E2C9D0F5C4C88002C282A /* English */,
				D473BF6C1017DB53008D5AC1 /* zh_TW */,
				D46EC91E101BF51B003D31E3 /* zh_CN */,
			);
			name = ZBUIColorViewController.xib;
			sourceTree = "<group>";
		};
		D43E2CAB0F5C4CE9002C282A /* ZBCGColorViewController.xib */ = {
			isa = PBXVariantGroup;
			children = (
				D43E2CA90F5C4CE5002C282A /* English */,
				D473BF6F1017DBA8008D5AC1 /* zh_TW */,
				D46EC920101BF544003D31E3 /* zh_CN */,
			);
			name = ZBCGColorViewController.xib;
			sourceTree = "<group>";
		};
		D43E2CBE0F5C4D8C002C282A /* ZBGLColorViewController.xib */ = {
			isa = PBXVariantGroup;
			children = (
				D43E2CBC0F5C4D88002C282A /* English */,
				D473BF701017DBAE008D5AC1 /* zh_TW */,
				D46EC922101BF553003D31E3 /* zh_CN */,
			);
			name = ZBGLColorViewController.xib;
			sourceTree = "<group>";
		};
		D473BF4F1017DA52008D5AC1 /* Localizable.strings */ = {
			isa = PBXVariantGroup;
			children = (
				D473BF501017DA52008D5AC1 /* English */,
				D473BF661017DAEC008D5AC1 /* zh_TW */,
				D46EC90D101BF45F003D31E3 /* zh_CN */,
			);
			name = Localizable.strings;
			sourceTree = "<group>";
		};
/* End PBXVariantGroup section */

/* Begin XCBuildConfiguration section */
		C01FCF4B08A954540054247B /* Debug */ = {
			isa = XCBuildConfiguration;
			buildSettings = {
				ALWAYS_SEARCH_USER_PATHS = NO;
				ARCHS = "$(ARCHS_STANDARD_64_BIT)";
				CLANG_ENABLE_OBJC_ARC = YES;
				COPY_PHASE_STRIP = NO;
				GCC_DYNAMIC_NO_PIC = NO;
				GCC_ENABLE_FIX_AND_CONTINUE = YES;
				GCC_MODEL_TUNING = G5;
				GCC_OPTIMIZATION_LEVEL = 0;
				GCC_PRECOMPILE_PREFIX_HEADER = YES;
				GCC_PREFIX_HEADER = Bunt_Prefix.pch;
				INFOPLIST_FILE = Info.plist;
				INSTALL_PATH = "$(HOME)/Applications";
				MACOSX_DEPLOYMENT_TARGET = 10.7;
				PRODUCT_NAME = Bunt;
			};
			name = Debug;
		};
		C01FCF4C08A954540054247B /* Release */ = {
			isa = XCBuildConfiguration;
			buildSettings = {
				ALWAYS_SEARCH_USER_PATHS = NO;
				ARCHS = "$(ARCHS_STANDARD_64_BIT)";
				CLANG_ENABLE_OBJC_ARC = YES;
				DEBUG_INFORMATION_FORMAT = "dwarf-with-dsym";
				GCC_MODEL_TUNING = G5;
				GCC_PRECOMPILE_PREFIX_HEADER = YES;
				GCC_PREFIX_HEADER = Bunt_Prefix.pch;
				INFOPLIST_FILE = Info.plist;
				INSTALL_PATH = "$(HOME)/Applications";
				MACOSX_DEPLOYMENT_TARGET = 10.7;
				PRODUCT_NAME = Bunt;
			};
			name = Release;
		};
		C01FCF4F08A954540054247B /* Debug */ = {
			isa = XCBuildConfiguration;
			buildSettings = {
				ARCHS = "$(ARCHS_STANDARD_32_BIT)";
				GCC_C_LANGUAGE_STANDARD = c99;
				GCC_OPTIMIZATION_LEVEL = 0;
				GCC_WARN_ABOUT_RETURN_TYPE = YES;
				GCC_WARN_UNUSED_VARIABLE = YES;
				ONLY_ACTIVE_ARCH = YES;
				PREBINDING = NO;
				SDKROOT = macosx;
			};
			name = Debug;
		};
		C01FCF5008A954540054247B /* Release */ = {
			isa = XCBuildConfiguration;
			buildSettings = {
				ARCHS = "$(ARCHS_STANDARD_32_BIT)";
				GCC_C_LANGUAGE_STANDARD = c99;
				GCC_WARN_ABOUT_RETURN_TYPE = YES;
				GCC_WARN_UNUSED_VARIABLE = YES;
				PREBINDING = NO;
				SDKROOT = macosx;
			};
			name = Release;
		};
/* End XCBuildConfiguration section */

/* Begin XCConfigurationList section */
		C01FCF4A08A954540054247B /* Build configuration list for PBXNativeTarget "Bunt" */ = {
			isa = XCConfigurationList;
			buildConfigurations = (
				C01FCF4B08A954540054247B /* Debug */,
				C01FCF4C08A954540054247B /* Release */,
			);
			defaultConfigurationIsVisible = 0;
			defaultConfigurationName = Release;
		};
		C01FCF4E08A954540054247B /* Build configuration list for PBXProject "Bunt" */ = {
			isa = XCConfigurationList;
			buildConfigurations = (
				C01FCF4F08A954540054247B /* Debug */,
				C01FCF5008A954540054247B /* Release */,
			);
			defaultConfigurationIsVisible = 0;
			defaultConfigurationName = Release;
		};
/* End XCConfigurationList section */
	};
	rootObject = 29B97313FDCFA39411CA2CEA /* Project object */;
}
